
Microsoft Visual Studio Solution File, Format Version 12.00
# Visual Studio Version 17
VisualStudioVersion = 17.9.34728.123
MinimumVisualStudioVersion = 10.0.40219.1
Project("{2150E333-8FDC-42A3-9474-1A3956D46DE8}") = "2. Aplicação", "2. Aplicação", "{95A1AC67-F021-4D31-AA00-ECD7D9901216}"
EndProject
Project("{2150E333-8FDC-42A3-9474-1A3956D46DE8}") = "3. Dominio", "3. Dominio", "{57BB6E97-E80B-4AE3-8C4C-F325BB0CA8BF}"
EndProject
Project("{2150E333-8FDC-42A3-9474-1A3956D46DE8}") = "4. Infra", "4. Infra", "{B9F69141-E645-4F4F-A55D-FAF5349FE2FB}"
EndProject
Project("{2150E333-8FDC-42A3-9474-1A3956D46DE8}") = "5. Testes", "5. Testes", "{7066A406-3FBD-45E4-BD7A-EAA5FE0F89D2}"
EndProject
Project("{2150E333-8FDC-42A3-9474-1A3956D46DE8}") = "1. Apresentação", "1. Apresentação", "{CF724C92-0E03-460A-9620-76186354FB44}"
EndProject
Project("{FAE04EC0-301F-11D3-BF4B-00C04F79EFBC}") = "LocadoraDeVeiculos.Dominio", "LocadoraDeVeiculos.Dominio\LocadoraDeVeiculos.Dominio.csproj", "{B5973829-2E67-4A20-B51D-EBC3648CF433}"
EndProject
Project("{FAE04EC0-301F-11D3-BF4B-00C04F79EFBC}") = "LocadoraDeVeiculos.Infra.Orm", "LocadoraDeVeiculos.Infra.Orm\LocadoraDeVeiculos.Infra.Orm.csproj", "{D6F4615A-8813-498F-9673-BC2BBE78A1E7}"
EndProject
Project("{2150E333-8FDC-42A3-9474-1A3956D46DE8}") = "5.1. Unidade", "5.1. Unidade", "{DFD1C908-2F8B-4C1B-8C10-59E28EA1D4F8}"
EndProject
Project("{2150E333-8FDC-42A3-9474-1A3956D46DE8}") = "5.2. Integração", "5.2. Integração", "{9E63FAFC-4860-4022-A0A2-F2105E3AF72E}"
EndProject
Project("{FAE04EC0-301F-11D3-BF4B-00C04F79EFBC}") = "LocadoraDeVeiculos.Teste.Unidade", "LocadoraDeVeiculos.Teste.Unidade\LocadoraDeVeiculos.Teste.Unidade.csproj", "{C703254E-DEA6-4FC6-A128-FAED17CF3EEE}"
EndProject
Project("{FAE04EC0-301F-11D3-BF4B-00C04F79EFBC}") = "LocadoraDeVeiculos.Testes.Integracao", "LocadoraDeVeiculos.Testes.Integracao\LocadoraDeVeiculos.Testes.Integracao.csproj", "{C2102354-299D-49C3-BB31-17BA039E5543}"
EndProject
Project("{FAE04EC0-301F-11D3-BF4B-00C04F79EFBC}") = "LocadoraDeVeiculos.Aplicacao", "LocadoraDeVeiculos.Aplicacao\LocadoraDeVeiculos.Aplicacao.csproj", "{BC6FD356-0711-4343-B3AA-D73A14C6B345}"
EndProject
Project("{FAE04EC0-301F-11D3-BF4B-00C04F79EFBC}") = "LocadoraDeVeiculos.WebApp", "LocadoraDeVeiculos.WebApp\LocadoraDeVeiculos.WebApp.csproj", "{6578587E-BEA6-43AE-B3D8-7A52E6A61AE3}"
EndProject
Global
	GlobalSection(SolutionConfigurationPlatforms) = preSolution
		Debug|Any CPU = Debug|Any CPU
		Release|Any CPU = Release|Any CPU
	EndGlobalSection
	GlobalSection(ProjectConfigurationPlatforms) = postSolution
		{B5973829-2E67-4A20-B51D-EBC3648CF433}.Debug|Any CPU.ActiveCfg = Debug|Any CPU
		{B5973829-2E67-4A20-B51D-EBC3648CF433}.Debug|Any CPU.Build.0 = Debug|Any CPU
		{B5973829-2E67-4A20-B51D-EBC3648CF433}.Release|Any CPU.ActiveCfg = Release|Any CPU
		{B5973829-2E67-4A20-B51D-EBC3648CF433}.Release|Any CPU.Build.0 = Release|Any CPU
		{D6F4615A-8813-498F-9673-BC2BBE78A1E7}.Debug|Any CPU.ActiveCfg = Debug|Any CPU
		{D6F4615A-8813-498F-9673-BC2BBE78A1E7}.Debug|Any CPU.Build.0 = Debug|Any CPU
		{D6F4615A-8813-498F-9673-BC2BBE78A1E7}.Release|Any CPU.ActiveCfg = Release|Any CPU
		{D6F4615A-8813-498F-9673-BC2BBE78A1E7}.Release|Any CPU.Build.0 = Release|Any CPU
		{C703254E-DEA6-4FC6-A128-FAED17CF3EEE}.Debug|Any CPU.ActiveCfg = Debug|Any CPU
		{C703254E-DEA6-4FC6-A128-FAED17CF3EEE}.Debug|Any CPU.Build.0 = Debug|Any CPU
		{C703254E-DEA6-4FC6-A128-FAED17CF3EEE}.Release|Any CPU.ActiveCfg = Release|Any CPU
		{C703254E-DEA6-4FC6-A128-FAED17CF3EEE}.Release|Any CPU.Build.0 = Release|Any CPU
		{C2102354-299D-49C3-BB31-17BA039E5543}.Debug|Any CPU.ActiveCfg = Debug|Any CPU
		{C2102354-299D-49C3-BB31-17BA039E5543}.Debug|Any CPU.Build.0 = Debug|Any CPU
		{C2102354-299D-49C3-BB31-17BA039E5543}.Release|Any CPU.ActiveCfg = Release|Any CPU
		{C2102354-299D-49C3-BB31-17BA039E5543}.Release|Any CPU.Build.0 = Release|Any CPU
		{BC6FD356-0711-4343-B3AA-D73A14C6B345}.Debug|Any CPU.ActiveCfg = Debug|Any CPU
		{BC6FD356-0711-4343-B3AA-D73A14C6B345}.Debug|Any CPU.Build.0 = Debug|Any CPU
		{BC6FD356-0711-4343-B3AA-D73A14C6B345}.Release|Any CPU.ActiveCfg = Release|Any CPU
		{BC6FD356-0711-4343-B3AA-D73A14C6B345}.Release|Any CPU.Build.0 = Release|Any CPU
		{6578587E-BEA6-43AE-B3D8-7A52E6A61AE3}.Debug|Any CPU.ActiveCfg = Debug|Any CPU
		{6578587E-BEA6-43AE-B3D8-7A52E6A61AE3}.Debug|Any CPU.Build.0 = Debug|Any CPU
		{6578587E-BEA6-43AE-B3D8-7A52E6A61AE3}.Release|Any CPU.ActiveCfg = Release|Any CPU
		{6578587E-BEA6-43AE-B3D8-7A52E6A61AE3}.Release|Any CPU.Build.0 = Release|Any CPU
	EndGlobalSection
	GlobalSection(SolutionProperties) = preSolution
		HideSolutionNode = FALSE
	EndGlobalSection
	GlobalSection(NestedProjects) = preSolution
		{B5973829-2E67-4A20-B51D-EBC3648CF433} = {57BB6E97-E80B-4AE3-8C4C-F325BB0CA8BF}
		{D6F4615A-8813-498F-9673-BC2BBE78A1E7} = {B9F69141-E645-4F4F-A55D-FAF5349FE2FB}
		{DFD1C908-2F8B-4C1B-8C10-59E28EA1D4F8} = {7066A406-3FBD-45E4-BD7A-EAA5FE0F89D2}
		{9E63FAFC-4860-4022-A0A2-F2105E3AF72E} = {7066A406-3FBD-45E4-BD7A-EAA5FE0F89D2}
		{C703254E-DEA6-4FC6-A128-FAED17CF3EEE} = {DFD1C908-2F8B-4C1B-8C10-59E28EA1D4F8}
		{C2102354-299D-49C3-BB31-17BA039E5543} = {9E63FAFC-4860-4022-A0A2-F2105E3AF72E}
		{BC6FD356-0711-4343-B3AA-D73A14C6B345} = {95A1AC67-F021-4D31-AA00-ECD7D9901216}
		{6578587E-BEA6-43AE-B3D8-7A52E6A61AE3} = {CF724C92-0E03-460A-9620-76186354FB44}
	EndGlobalSection
	GlobalSection(ExtensibilityGlobals) = postSolution
		SolutionGuid = {6E42EE0A-F25A-46D1-8463-E54C823FD104}
	EndGlobalSection
EndGlobal
